
Microsoft Visual Studio Solution File, Format Version 12.00
# Visual Studio Version 16
VisualStudioVersion = 16.0.29209.62
MinimumVisualStudioVersion = 10.0.40219.1
Project("{00D1A9C2-B5F0-4AF3-8072-F6C62B433612}") = "ms", "ms\ms.sqlproj", "{0265E52A-6BAD-4336-A3AA-9F3D0D4C73D8}"
EndProject
Global
	GlobalSection(SolutionConfigurationPlatforms) = preSolution
		Debug|Any CPU = Debug|Any CPU
		Release|Any CPU = Release|Any CPU
	EndGlobalSection
	GlobalSection(ProjectConfigurationPlatforms) = postSolution
		{0265E52A-6BAD-4336-A3AA-9F3D0D4C73D8}.Debug|Any CPU.ActiveCfg = Debug|Any CPU
		{0265E52A-6BAD-4336-A3AA-9F3D0D4C73D8}.Debug|Any CPU.Build.0 = Debug|Any CPU
		{0265E52A-6BAD-4336-A3AA-9F3D0D4C73D8}.Debug|Any CPU.Deploy.0 = Debug|Any CPU
		{0265E52A-6BAD-4336-A3AA-9F3D0D4C73D8}.Release|Any CPU.ActiveCfg = Release|Any CPU
		{0265E52A-6BAD-4336-A3AA-9F3D0D4C73D8}.Release|Any CPU.Build.0 = Release|Any CPU
		{0265E52A-6BAD-4336-A3AA-9F3D0D4C73D8}.Release|Any CPU.Deploy.0 = Release|Any CPU
	EndGlobalSection
	GlobalSection(SolutionProperties) = preSolution
		HideSolutionNode = FALSE
	EndGlobalSection
	GlobalSection(ExtensibilityGlobals) = postSolution
		SolutionGuid = {5383E503-E31B-4FAC-B0C0-1BFE87039656}
	EndGlobalSection
EndGlobal
